
Microsoft Visual Studio Solution File, Format Version 12.00
# Visual Studio Version 16
VisualStudioVersion = 16.0.31005.135
MinimumVisualStudioVersion = 10.0.40219.1
Project("{FAE04EC0-301F-11D3-BF4B-00C04F79EFBC}") = "PrintDgvToXtraReport", "PrintDgvToXtraReport\PrintDgvToXtraReport.csproj", "{D556F31D-920D-4283-AA85-91987286E42E}"
EndProject
Global
	GlobalSection(SolutionConfigurationPlatforms) = preSolution
		Debug|Any CPU = Debug|Any CPU
		Release|Any CPU = Release|Any CPU
	EndGlobalSection
	GlobalSection(ProjectConfigurationPlatforms) = postSolution
		{D556F31D-920D-4283-AA85-91987286E42E}.Debug|Any CPU.ActiveCfg = Debug|Any CPU
		{D556F31D-920D-4283-AA85-91987286E42E}.Debug|Any CPU.Build.0 = Debug|Any CPU
		{D556F31D-920D-4283-AA85-91987286E42E}.Release|Any CPU.ActiveCfg = Release|Any CPU
		{D556F31D-920D-4283-AA85-91987286E42E}.Release|Any CPU.Build.0 = Release|Any CPU
	EndGlobalSection
	GlobalSection(SolutionProperties) = preSolution
		HideSolutionNode = FALSE
	EndGlobalSection
	GlobalSection(ExtensibilityGlobals) = postSolution
		SolutionGuid = {E671F5B7-6F3D-4440-B22E-2DF6E4FE2ADD}
	EndGlobalSection
EndGlobal
